// !$*UTF8*$!
{
	archiveVersion = 1;
	classes = {
	};
	objectVersion = 50;
	objects = {

/* Begin PBXBuildFile section */
		490EF82E22E7BD64001DECB7 /* AppDelegate.swift in Sources */ = {isa = PBXBuildFile; fileRef = 490EF82D22E7BD64001DECB7 /* AppDelegate.swift */; };
		490EF83022E7BD64001DECB7 /* ViewController.swift in Sources */ = {isa = PBXBuildFile; fileRef = 490EF82F22E7BD64001DECB7 /* ViewController.swift */; };
		490EF83322E7BD64001DECB7 /* Main.storyboard in Resources */ = {isa = PBXBuildFile; fileRef = 490EF83122E7BD64001DECB7 /* Main.storyboard */; };
		490EF83522E7BD66001DECB7 /* Assets.xcassets in Resources */ = {isa = PBXBuildFile; fileRef = 490EF83422E7BD66001DECB7 /* Assets.xcassets */; };
		490EF83822E7BD66001DECB7 /* LaunchScreen.storyboard in Resources */ = {isa = PBXBuildFile; fileRef = 490EF83622E7BD66001DECB7 /* LaunchScreen.storyboard */; };
		490EF84022E7BF53001DECB7 /* mycellCollectionViewCell.swift in Sources */ = {isa = PBXBuildFile; fileRef = 490EF83F22E7BF53001DECB7 /* mycellCollectionViewCell.swift */; };
/* End PBXBuildFile section */

/* Begin PBXFileReference section */
		490EF82A22E7BD64001DECB7 /* collection.app */ = {isa = PBXFileReference; explicitFileType = wrapper.application; includeInIndex = 0; path = collection.app; sourceTree = BUILT_PRODUCTS_DIR; };
		490EF82D22E7BD64001DECB7 /* AppDelegate.swift */ = {isa = PBXFileReference; lastKnownFileType = sourcecode.swift; path = AppDelegate.swift; sourceTree = "<group>"; };
		490EF82F22E7BD64001DECB7 /* ViewController.swift */ = {isa = PBXFileReference; lastKnownFileType = sourcecode.swift; path = ViewController.swift; sourceTree = "<group>"; };
		490EF83222E7BD64001DECB7 /* Base */ = {isa = PBXFileReference; lastKnownFileType = file.storyboard; name = Base; path = Base.lproj/Main.storyboard; sourceTree = "<group>"; };
		490EF83422E7BD66001DECB7 /* Assets.xcassets */ = {isa = PBXFileReference; lastKnownFileType = folder.assetcatalog; path = Assets.xcassets; sourceTree = "<group>"; };
		490EF83722E7BD66001DECB7 /* Base */ = {isa = PBXFileReference; lastKnownFileType = file.storyboard; name = Base; path = Base.lproj/LaunchScreen.storyboard; sourceTree = "<group>"; };
		490EF83922E7BD66001DECB7 /* Info.plist */ = {isa = PBXFileReference; lastKnownFileType = text.plist.xml; path = Info.plist; sourceTree = "<group>"; };
		490EF83F22E7BF53001DECB7 /* mycellCollectionViewCell.swift */ = {isa = PBXFileReference; lastKnownFileType = sourcecode.swift; path = mycellCollectionViewCell.swift; sourceTree = "<group>"; };
/* End PBXFileReference section */

/* Begin PBXFrameworksBuildPhase section */
		490EF82722E7BD64001DECB7 /* Frameworks */ = {
			isa = PBXFrameworksBuildPhase;
			buildActionMask = 2147483647;
			files = (
			);
			runOnlyForDeploymentPostprocessing = 0;
		};
/* End PBXFrameworksBuildPhase section */

/* Begin PBXGroup section */
		490EF82122E7BD64001DECB7 = {
			isa = PBXGroup;
			children = (
				490EF82C22E7BD64001DECB7 /* collection */,
				490EF82B22E7BD64001DECB7 /* Products */,
			);
			sourceTree = "<group>";
		};
		490EF82B22E7BD64001DECB7 /* Products */ = {
			isa = PBXGroup;
			children = (
				490EF82A22E7BD64001DECB7 /* collection.app */,
			);
			name = Products;
			sourceTree = "<group>";
		};
		490EF82C22E7BD64001DECB7 /* collection */ = {
			isa = PBXGroup;
			children = (
				490EF82D22E7BD64001DECB7 /* AppDelegate.swift */,
				490EF82F22E7BD64001DECB7 /* ViewController.swift */,
				490EF83122E7BD64001DECB7 /* Main.storyboard */,
				490EF83422E7BD66001DECB7 /* Assets.xcassets */,
				490EF83622E7BD66001DECB7 /* LaunchScreen.storyboard */,
				490EF83922E7BD66001DECB7 /* Info.plist */,
				490EF83F22E7BF53001DECB7 /* mycellCollectionViewCell.swift */,
			);
			path = collection;
			sourceTree = "<group>";
		};
/* End PBXGroup section */

/* Begin PBXNativeTarget section */
		490EF82922E7BD64001DECB7 /* collection */ = {
			isa = PBXNativeTarget;
			buildConfigurationList = 490EF83C22E7BD66001DECB7 /* Build configuration list for PBXNativeTarget "collection" */;
			buildPhases = (
				490EF82622E7BD64001DECB7 /* Sources */,
				490EF82722E7BD64001DECB7 /* Frameworks */,
				490EF82822E7BD64001DECB7 /* Resources */,
			);
			buildRules = (
			);
			dependencies = (
			);
			name = collection;
			productName = collection;
			productReference = 490EF82A22E7BD64001DECB7 /* collection.app */;
			productType = "com.apple.product-type.application";
		};
/* End PBXNativeTarget section */

/* Begin PBXProject section */
		490EF82222E7BD64001DECB7 /* Project object */ = {
			isa = PBXProject;
			attributes = {
				LastSwiftUpdateCheck = 1020;
				LastUpgradeCheck = 1020;
				ORGANIZATIONNAME = com.phani;
				TargetAttributes = {
					490EF82922E7BD64001DECB7 = {
						CreatedOnToolsVersion = 10.2;
					};
				};
			};
			buildConfigurationList = 490EF82522E7BD64001DECB7 /* Build configuration list for PBXProject "collection" */;
			compatibilityVersion = "Xcode 9.3";
			developmentRegion = en;
			hasScannedForEncodings = 0;
			knownRegions = (
				en,
				Base,
			);
			mainGroup = 490EF82122E7BD64001DECB7;
			productRefGroup = 490EF82B22E7BD64001DECB7 /* Products */;
			projectDirPath = "";
			projectRoot = "";
			targets = (
				490EF82922E7BD64001DECB7 /* collection */,
			);
		};
/* End PBXProject section */

/* Begin PBXResourcesBuildPhase section */
		490EF82822E7BD64001DECB7 /* Resources */ = {
			isa = PBXResourcesBuildPhase;
			buildActionMask = 2147483647;
			files = (
				490EF83822E7BD66001DECB7 /* LaunchScreen.storyboard in Resources */,
				490EF83522E7BD66001DECB7 /* Assets.xcassets in Resources */,
				490EF83322E7BD64001DECB7 /* Main.storyboard in Resources */,
			);
			runOnlyForDeploymentPostprocessing = 0;
		};
/* End PBXResourcesBuildPhase section */

/* Begin PBXSourcesBuildPhase section */
		490EF82622E7BD64001DECB7 /* Sources */ = {
			isa = PBXSourcesBuildPhase;
			buildActionMask = 2147483647;
			files = (
				490EF83022E7BD64001DECB7 /* ViewController.swift in Sources */,
				490EF82E22E7BD64001DECB7 /* AppDelegate.swift in Sources */,
				490EF84022E7BF53001DECB7 /* mycellCollectionViewCell.swift in Sources */,
			);
			runOnlyForDeploymentPostprocessing = 0;
		};
/* End PBXSourcesBuildPhase section */

/* Begin PBXVariantGroup section */
		490EF83122E7BD64001DECB7 /* Main.storyboard */ = {
			isa = PBXVariantGroup;
			children = (
				490EF83222E7BD64001DECB7 /* Base */,
			);
			name = Main.storyboard;
			sourceTree = "<group>";
		};
		490EF83622E7BD66001DECB7 /* LaunchScreen.storyboard */ = {
			isa = PBXVariantGroup;
			children = (
				490EF83722E7BD66001DECB7 /* Base */,
			);
			name = LaunchScreen.storyboard;
			sourceTree = "<group>";
		};
/* End PBXVariantGroup section */

/* Begin XCBuildConfiguration section */
		490EF83A22E7BD66001DECB7 /* Debug */ = {
			isa = XCBuildConfiguration;
			buildSettings = {
				ALWAYS_SEARCH_USER_PATHS = NO;
				CLANG_ANALYZER_NONNULL = YES;
				CLANG_ANALYZER_NUMBER_OBJECT_CONVERSION = YES_AGGRESSIVE;
				CLANG_CXX_LANGUAGE_STANDARD = "gnu++14";
				CLANG_CXX_LIBRARY = "libc++";
				CLANG_ENABLE_MODULES = YES;
				CLANG_ENABLE_OBJC_ARC = YES;
				CLANG_ENABLE_OBJC_WEAK = YES;
				CLANG_WARN_BLOCK_CAPTURE_AUTORELEASING = YES;
				CLANG_WARN_BOOL_CONVERSION = YES;
				CLANG_WARN_COMMA = YES;
				CLANG_WARN_CONSTANT_CONVERSION = YES;
				CLANG_WARN_DEPRECATED_OBJC_IMPLEMENTATIONS = YES;
				CLANG_WARN_DIRECT_OBJC_ISA_USAGE = YES_ERROR;
				CLANG_WARN_DOCUMENTATION_COMMENTS = YES;
				CLANG_WARN_EMPTY_BODY = YES;
				CLANG_WARN_ENUM_CONVERSION = YES;
				CLANG_WARN_INFINITE_RECURSION = YES;
				CLANG_WARN_INT_CONVERSION = YES;
				CLANG_WARN_NON_LITERAL_NULL_CONVERSION = YES;
				CLANG_WARN_OBJC_IMPLICIT_RETAIN_SELF = YES;
				CLANG_WARN_OBJC_LITERAL_CONVERSION = YES;
				CLANG_WARN_OBJC_ROOT_CLASS = YES_ERROR;
				CLANG_WARN_RANGE_LOOP_ANALYSIS = YES;
				CLANG_WARN_STRICT_PROTOTYPES = YES;
				CLANG_WARN_SUSPICIOUS_MOVE = YES;
				CLANG_WARN_UNGUARDED_AVAILABILITY = YES_AGGRESSIVE;
				CLANG_WARN_UNREACHABLE_CODE = YES;
				CLANG_WARN__DUPLICATE_METHOD_MATCH = YES;
				CODE_SIGN_IDENTITY = "iPhone Developer";
				COPY_PHASE_STRIP = NO;
				DEBUG_INFORMATION_FORMAT = dwarf;
				ENABLE_STRICT_OBJC_MSGSEND = YES;
				ENABLE_TESTABILITY = YES;
				GCC_C_LANGUAGE_STANDARD = gnu11;
				GCC_DYNAMIC_NO_PIC = NO;
				GCC_NO_COMMON_BLOCKS = YES;
				GCC_OPTIMIZATION_LEVEL = 0;
				GCC_PREPROCESSOR_DEFINITIONS = (
					"DEBUG=1",
					"$(inherited)",
				);
				GCC_WARN_64_TO_32_BIT_CONVERSION = YES;
				GCC_WARN_ABOUT_RETURN_TYPE = YES_ERROR;
				GCC_WARN_UNDECLARED_SELECTOR = YES;
				GCC_WARN_UNINITIALIZED_AUTOS = YES_AGGRESSIVE;
				GCC_WARN_UNUSED_FUNCTION = YES;
				GCC_WARN_UNUSED_VARIABLE = YES;
				IPHONEOS_DEPLOYMENT_TARGET = 12.2;
				MTL_ENABLE_DEBUG_INFO = INCLUDE_SOURCE;
				MTL_FAST_MATH = YES;
				ONLY_ACTIVE_ARCH = YES;
				SDKROOT = iphoneos;
				SWIFT_ACTIVE_COMPILATION_CONDITIONS = DEBUG;
				SWIFT_OPTIMIZATION_LEVEL = "-Onone";
			};
			name = Debug;
		};
		490EF83B22E7BD66001DECB7 /* Release */ = {
			isa = XCBuildConfiguration;
			buildSettings = {
				ALWAYS_SEARCH_USER_PATHS = NO;
				CLANG_ANALYZER_NONNULL = YES;
				CLANG_ANALYZER_NUMBER_OBJECT_CONVERSION = YES_AGGRESSIVE;
				CLANG_CXX_LANGUAGE_STANDARD = "gnu++14";
				CLANG_CXX_LIBRARY = "libc++";
				CLANG_ENABLE_MODULES = YES;
				CLANG_ENABLE_OBJC_ARC = YES;
				CLANG_ENABLE_OBJC_WEAK = YES;
				CLANG_WARN_BLOCK_CAPTURE_AUTORELEASING = YES;
				CLANG_WARN_BOOL_CONVERSION = YES;
				CLANG_WARN_COMMA = YES;
				CLANG_WARN_CONSTANT_CONVERSION = YES;
				CLANG_WARN_DEPRECATED_OBJC_IMPLEMENTATIONS = YES;
				CLANG_WARN_DIRECT_OBJC_ISA_USAGE = YES_ERROR;
				CLANG_WARN_DOCUMENTATION_COMMENTS = YES;
				CLANG_WARN_EMPTY_BODY = YES;
				CLANG_WARN_ENUM_CONVERSION = YES;
				CLANG_WARN_INFINITE_RECURSION = YES;
				CLANG_WARN_INT_CONVERSION = YES;
				CLANG_WARN_NON_LITERAL_NULL_CONVERSION = YES;
				CLANG_WARN_OBJC_IMPLICIT_RETAIN_SELF = YES;
				CLANG_WARN_OBJC_LITERAL_CONVERSION = YES;
				CLANG_WARN_OBJC_ROOT_CLASS = YES_ERROR;
				CLANG_WARN_RANGE_LOOP_ANALYSIS = YES;
				CLANG_WARN_STRICT_PROTOTYPES = YES;
				CLANG_WARN_SUSPICIOUS_MOVE = YES;
				CLANG_WARN_UNGUARDED_AVAILABILITY = YES_AGGRESSIVE;
				CLANG_WARN_UNREACHABLE_CODE = YES;
				CLANG_WARN__DUPLICATE_METHOD_MATCH = YES;
				CODE_SIGN_IDENTITY = "iPhone Developer";
				COPY_PHASE_STRIP = NO;
				DEBUG_INFORMATION_FORMAT = "dwarf-with-dsym";
				ENABLE_NS_ASSERTIONS = NO;
				ENABLE_STRICT_OBJC_MSGSEND = YES;
				GCC_C_LANGUAGE_STANDARD = gnu11;
				GCC_NO_COMMON_BLOCKS = YES;
				GCC_WARN_64_TO_32_BIT_CONVERSION = YES;
				GCC_WARN_ABOUT_RETURN_TYPE = YES_ERROR;
				GCC_WARN_UNDECLARED_SELECTOR = YES;
				GCC_WARN_UNINITIALIZED_AUTOS = YES_AGGRESSIVE;
				GCC_WARN_UNUSED_FUNCTION = YES;
				GCC_WARN_UNUSED_VARIABLE = YES;
				IPHONEOS_DEPLOYMENT_TARGET = 12.2;
				MTL_ENABLE_DEBUG_INFO = NO;
				MTL_FAST_MATH = YES;
				SDKROOT = iphoneos;
				SWIFT_COMPILATION_MODE = wholemodule;
				SWIFT_OPTIMIZATION_LEVEL = "-O";
				VALIDATE_PRODUCT = YES;
			};
			name = Release;
		};
		490EF83D22E7BD66001DECB7 /* Debug */ = {
			isa = XCBuildConfiguration;
			buildSettings = {
				ASSETCATALOG_COMPILER_APPICON_NAME = AppIcon;
				CODE_SIGN_STYLE = Automatic;
				DEVELOPMENT_TEAM = FP7V2F7LFP;
				INFOPLIST_FILE = collection/Info.plist;
				LD_RUNPATH_SEARCH_PATHS = (
					"$(inherited)",
					"@executable_path/Frameworks",
				);
				PRODUCT_BUNDLE_IDENTIFIER = com.phani.collection;
				PRODUCT_NAME = "$(TARGET_NAME)";
				SWIFT_VERSION = 5.0;
				TARGETED_DEVICE_FAMILY = "1,2";
			};
			name = Debug;
		};
		490EF83E22E7BD66001DECB7 /* Release */ = {
			isa = XCBuildConfiguration;
			buildSettings = {
				ASSETCATALOG_COMPILER_APPICON_NAME = AppIcon;
				CODE_SIGN_STYLE = Automatic;
				DEVELOPMENT_TEAM = FP7V2F7LFP;
				INFOPLIST_FILE = collection/Info.plist;
				LD_RUNPATH_SEARCH_PATHS = (
					"$(inherited)",
					"@executable_path/Frameworks",
				);
				PRODUCT_BUNDLE_IDENTIFIER = com.phani.collection;
				PRODUCT_NAME = "$(TARGET_NAME)";
				SWIFT_VERSION = 5.0;
				TARGETED_DEVICE_FAMILY = "1,2";
			};
			name = Release;
		};
/* End XCBuildConfiguration section */

/* Begin XCConfigurationList section */
		490EF82522E7BD64001DECB7 /* Build configuration list for PBXProject "collection" */ = {
			isa = XCConfigurationList;
			buildConfigurations = (
				490EF83A22E7BD66001DECB7 /* Debug */,
				490EF83B22E7BD66001DECB7 /* Release */,
			);
			defaultConfigurationIsVisible = 0;
			defaultConfigurationName = Release;
		};
		490EF83C22E7BD66001DECB7 /* Build configuration list for PBXNativeTarget "collection" */ = {
			isa = XCConfigurationList;
			buildConfigurations = (
				490EF83D22E7BD66001DECB7 /* Debug */,
				490EF83E22E7BD66001DECB7 /* Release */,
			);
			defaultConfigurationIsVisible = 0;
			defaultConfigurationName = Release;
		};
/* End XCConfigurationList section */
	};
	rootObject = 490EF82222E7BD64001DECB7 /* Project object */;
}
